
Microsoft Visual Studio Solution File, Format Version 12.00
# Visual Studio Version 16
VisualStudioVersion = 16.0.29806.167
MinimumVisualStudioVersion = 10.0.40219.1
Project("{FAE04EC0-301F-11D3-BF4B-00C04F79EFBC}") = "Store", "Store.csproj", "{EBB81ABD-D430-4022-9B3B-E0D49E24D79D}"
EndProject
Global
	GlobalSection(SolutionConfigurationPlatforms) = preSolution
		Debug|Any CPU = Debug|Any CPU
		Release|Any CPU = Release|Any CPU
	EndGlobalSection
	GlobalSection(ProjectConfigurationPlatforms) = postSolution
		{EBB81ABD-D430-4022-9B3B-E0D49E24D79D}.Debug|Any CPU.ActiveCfg = Debug|Any CPU
		{EBB81ABD-D430-4022-9B3B-E0D49E24D79D}.Debug|Any CPU.Build.0 = Debug|Any CPU
		{EBB81ABD-D430-4022-9B3B-E0D49E24D79D}.Release|Any CPU.ActiveCfg = Release|Any CPU
		{EBB81ABD-D430-4022-9B3B-E0D49E24D79D}.Release|Any CPU.Build.0 = Release|Any CPU
	EndGlobalSection
	GlobalSection(SolutionProperties) = preSolution
		HideSolutionNode = FALSE
	EndGlobalSection
	GlobalSection(ExtensibilityGlobals) = postSolution
		SolutionGuid = {B4FF35A4-670D-4FA6-A454-9CA5CBF2EDC1}
	EndGlobalSection
EndGlobal
